Microsoft Visual Studio Solution File, Format Version 12.00
# Visual Studio Version 17
VisualStudioVersion = 17.2.32210.308
MinimumVisualStudioVersion = 15.0.26124.0

Project("{2150E333-8FDC-42A3-9474-1A3956D46DE8}") = "Tests", "Tests", "{4E059E40-ABDA-4CED-88DA-F8B67BA6BE35}"
EndProject
Project("{9A19103F-16F7-4668-BE54-9A1E7A4F7556}") = "GameTranslator", "GameTranslator\GameTranslator.csproj", "{A576D81C-FF3E-482A-B151-142FDCB6E311}"
EndProject
Project("{9A19103F-16F7-4668-BE54-9A1E7A4F7556}") = "GameTranslator.Tests", "GameTranslator.Tests\GameTranslator.Tests.csproj", "{7420F85E-5A34-45B3-A7A9-3D0907F1B9A8}"
EndProject

Project("{2150E333-8FDC-42A3-9474-1A3956D46DE8}") = "Solution Items", "Solution Items", "{BADA71DC-7FFD-4EDC-9F28-FB74AEADC713}"
	ProjectSection(SolutionItems) = preProject
		.editorconfig = .editorconfig
		.gitignore = .gitignore
		.vsconfig = .vsconfig
		Directory.Build.props = Directory.Build.props
		Directory.Build.targets = Directory.Build.targets
		Directory.Packages.props = Directory.Packages.props
		global.json = global.json
	EndProjectSection
EndProject
Global
	GlobalSection(SolutionConfigurationPlatforms) = preSolution
		Debug|Any CPU = Debug|Any CPU
		Debug|ARM = Debug|ARM
		Debug|ARM64 = Debug|ARM64
		Debug|iPhone = Debug|iPhone
		Debug|iPhoneSimulator = Debug|iPhoneSimulator
		Debug|x64 = Debug|x64
		Debug|x86 = Debug|x86
		Release|Any CPU = Release|Any CPU
		Release|ARM = Release|ARM
		Release|ARM64 = Release|ARM64
		Release|iPhone = Release|iPhone
		Release|iPhoneSimulator = Release|iPhoneSimulator
		Release|x64 = Release|x64
		Release|x86 = Release|x86
	EndGlobalSection
	GlobalSection(ProjectConfigurationPlatforms) = postSolution
		{A576D81C-FF3E-482A-B151-142FDCB6E311}.Debug|Any CPU.ActiveCfg = Debug|Any CPU
		{A576D81C-FF3E-482A-B151-142FDCB6E311}.Debug|Any CPU.Build.0 = Debug|Any CPU
		{A576D81C-FF3E-482A-B151-142FDCB6E311}.Debug|Any CPU.Deploy.0 = Debug|Any CPU
		{A576D81C-FF3E-482A-B151-142FDCB6E311}.Debug|ARM.ActiveCfg = Debug|Any CPU
		{A576D81C-FF3E-482A-B151-142FDCB6E311}.Debug|ARM.Build.0 = Debug|Any CPU
		{A576D81C-FF3E-482A-B151-142FDCB6E311}.Debug|ARM.Deploy.0 = Debug|Any CPU
		{A576D81C-FF3E-482A-B151-142FDCB6E311}.Debug|ARM64.ActiveCfg = Debug|Any CPU
		{A576D81C-FF3E-482A-B151-142FDCB6E311}.Debug|ARM64.Build.0 = Debug|Any CPU
		{A576D81C-FF3E-482A-B151-142FDCB6E311}.Debug|ARM64.Deploy.0 = Debug|Any CPU
		{A576D81C-FF3E-482A-B151-142FDCB6E311}.Debug|iPhone.ActiveCfg = Debug|Any CPU
		{A576D81C-FF3E-482A-B151-142FDCB6E311}.Debug|iPhone.Build.0 = Debug|Any CPU
		{A576D81C-FF3E-482A-B151-142FDCB6E311}.Debug|iPhone.Deploy.0 = Debug|Any CPU
		{A576D81C-FF3E-482A-B151-142FDCB6E311}.Debug|iPhoneSimulator.ActiveCfg = Debug|Any CPU
		{A576D81C-FF3E-482A-B151-142FDCB6E311}.Debug|iPhoneSimulator.Build.0 = Debug|Any CPU
		{A576D81C-FF3E-482A-B151-142FDCB6E311}.Debug|iPhoneSimulator.Deploy.0 = Debug|Any CPU
		{A576D81C-FF3E-482A-B151-142FDCB6E311}.Debug|x64.ActiveCfg = Debug|Any CPU
		{A576D81C-FF3E-482A-B151-142FDCB6E311}.Debug|x64.Build.0 = Debug|Any CPU
		{A576D81C-FF3E-482A-B151-142FDCB6E311}.Debug|x64.Deploy.0 = Debug|Any CPU
		{A576D81C-FF3E-482A-B151-142FDCB6E311}.Debug|x86.ActiveCfg = Debug|Any CPU
		{A576D81C-FF3E-482A-B151-142FDCB6E311}.Debug|x86.Build.0 = Debug|Any CPU
		{A576D81C-FF3E-482A-B151-142FDCB6E311}.Debug|x86.Deploy.0 = Debug|Any CPU
		{A576D81C-FF3E-482A-B151-142FDCB6E311}.Release|Any CPU.ActiveCfg = Release|Any CPU
		{A576D81C-FF3E-482A-B151-142FDCB6E311}.Release|Any CPU.Build.0 = Release|Any CPU
		{A576D81C-FF3E-482A-B151-142FDCB6E311}.Release|Any CPU.Deploy.0 = Release|Any CPU
		{A576D81C-FF3E-482A-B151-142FDCB6E311}.Release|ARM.ActiveCfg = Release|Any CPU
		{A576D81C-FF3E-482A-B151-142FDCB6E311}.Release|ARM.Build.0 = Release|Any CPU
		{A576D81C-FF3E-482A-B151-142FDCB6E311}.Release|ARM.Deploy.0 = Release|Any CPU
		{A576D81C-FF3E-482A-B151-142FDCB6E311}.Release|ARM64.ActiveCfg = Release|Any CPU
		{A576D81C-FF3E-482A-B151-142FDCB6E311}.Release|ARM64.Build.0 = Release|Any CPU
		{A576D81C-FF3E-482A-B151-142FDCB6E311}.Release|ARM64.Deploy.0 = Release|Any CPU
		{A576D81C-FF3E-482A-B151-142FDCB6E311}.Release|iPhone.ActiveCfg = Release|Any CPU
		{A576D81C-FF3E-482A-B151-142FDCB6E311}.Release|iPhone.Build.0 = Release|Any CPU
		{A576D81C-FF3E-482A-B151-142FDCB6E311}.Release|iPhone.Deploy.0 = Release|Any CPU
		{A576D81C-FF3E-482A-B151-142FDCB6E311}.Release|iPhoneSimulator.ActiveCfg = Release|Any CPU
		{A576D81C-FF3E-482A-B151-142FDCB6E311}.Release|iPhoneSimulator.Build.0 = Release|Any CPU
		{A576D81C-FF3E-482A-B151-142FDCB6E311}.Release|iPhoneSimulator.Deploy.0 = Release|Any CPU
		{A576D81C-FF3E-482A-B151-142FDCB6E311}.Release|x64.ActiveCfg = Release|Any CPU
		{A576D81C-FF3E-482A-B151-142FDCB6E311}.Release|x64.Build.0 = Release|Any CPU
		{A576D81C-FF3E-482A-B151-142FDCB6E311}.Release|x64.Deploy.0 = Release|Any CPU
		{A576D81C-FF3E-482A-B151-142FDCB6E311}.Release|x86.ActiveCfg = Release|Any CPU
		{A576D81C-FF3E-482A-B151-142FDCB6E311}.Release|x86.Build.0 = Release|Any CPU
		{A576D81C-FF3E-482A-B151-142FDCB6E311}.Release|x86.Deploy.0 = Release|Any CPU
		{7420F85E-5A34-45B3-A7A9-3D0907F1B9A8}.Debug|Any CPU.ActiveCfg = Debug|Any CPU
		{7420F85E-5A34-45B3-A7A9-3D0907F1B9A8}.Debug|Any CPU.Build.0 = Debug|Any CPU
		{7420F85E-5A34-45B3-A7A9-3D0907F1B9A8}.Debug|ARM.ActiveCfg = Debug|Any CPU
		{7420F85E-5A34-45B3-A7A9-3D0907F1B9A8}.Debug|ARM.Build.0 = Debug|Any CPU
		{7420F85E-5A34-45B3-A7A9-3D0907F1B9A8}.Debug|ARM64.ActiveCfg = Debug|Any CPU
		{7420F85E-5A34-45B3-A7A9-3D0907F1B9A8}.Debug|ARM64.Build.0 = Debug|Any CPU
		{7420F85E-5A34-45B3-A7A9-3D0907F1B9A8}.Debug|iPhone.ActiveCfg = Debug|Any CPU
		{7420F85E-5A34-45B3-A7A9-3D0907F1B9A8}.Debug|iPhone.Build.0 = Debug|Any CPU
		{7420F85E-5A34-45B3-A7A9-3D0907F1B9A8}.Debug|iPhoneSimulator.ActiveCfg = Debug|Any CPU
		{7420F85E-5A34-45B3-A7A9-3D0907F1B9A8}.Debug|iPhoneSimulator.Build.0 = Debug|Any CPU
		{7420F85E-5A34-45B3-A7A9-3D0907F1B9A8}.Debug|x64.ActiveCfg = Debug|Any CPU
		{7420F85E-5A34-45B3-A7A9-3D0907F1B9A8}.Debug|x64.Build.0 = Debug|Any CPU
		{7420F85E-5A34-45B3-A7A9-3D0907F1B9A8}.Debug|x86.ActiveCfg = Debug|Any CPU
		{7420F85E-5A34-45B3-A7A9-3D0907F1B9A8}.Debug|x86.Build.0 = Debug|Any CPU
		{7420F85E-5A34-45B3-A7A9-3D0907F1B9A8}.Release|Any CPU.ActiveCfg = Release|Any CPU
		{7420F85E-5A34-45B3-A7A9-3D0907F1B9A8}.Release|Any CPU.Build.0 = Release|Any CPU
		{7420F85E-5A34-45B3-A7A9-3D0907F1B9A8}.Release|ARM.ActiveCfg = Release|Any CPU
		{7420F85E-5A34-45B3-A7A9-3D0907F1B9A8}.Release|ARM.Build.0 = Release|Any CPU
		{7420F85E-5A34-45B3-A7A9-3D0907F1B9A8}.Release|ARM64.ActiveCfg = Release|Any CPU
		{7420F85E-5A34-45B3-A7A9-3D0907F1B9A8}.Release|ARM64.Build.0 = Release|Any CPU
		{7420F85E-5A34-45B3-A7A9-3D0907F1B9A8}.Release|iPhone.ActiveCfg = Release|Any CPU
		{7420F85E-5A34-45B3-A7A9-3D0907F1B9A8}.Release|iPhone.Build.0 = Release|Any CPU
		{7420F85E-5A34-45B3-A7A9-3D0907F1B9A8}.Release|iPhoneSimulator.ActiveCfg = Release|Any CPU
		{7420F85E-5A34-45B3-A7A9-3D0907F1B9A8}.Release|iPhoneSimulator.Build.0 = Release|Any CPU
		{7420F85E-5A34-45B3-A7A9-3D0907F1B9A8}.Release|x64.ActiveCfg = Release|Any CPU
		{7420F85E-5A34-45B3-A7A9-3D0907F1B9A8}.Release|x64.Build.0 = Release|Any CPU
		{7420F85E-5A34-45B3-A7A9-3D0907F1B9A8}.Release|x86.ActiveCfg = Release|Any CPU
		{7420F85E-5A34-45B3-A7A9-3D0907F1B9A8}.Release|x86.Build.0 = Release|Any CPU
	EndGlobalSection
	GlobalSection(SolutionProperties) = preSolution
		HideSolutionNode = FALSE
	EndGlobalSection
	GlobalSection(NestedProjects) = preSolution
		{7420F85E-5A34-45B3-A7A9-3D0907F1B9A8} = {4E059E40-ABDA-4CED-88DA-F8B67BA6BE35}
	EndGlobalSection
	GlobalSection(ExtensibilityGlobals) = postSolution
		SolutionGuid = {035202F2-C30D-4B10-A96B-1BBD3D6A3675}
	EndGlobalSection
EndGlobal
